
Microsoft Visual Studio Solution File, Format Version 10.00
# Visual Studio 2008
Project("{8BC9CEB8-8B4A-11D0-8D11-00A0C91BC942}") = "Homography Warping Test", "Homography Warping Test\Homography Warping Test.vcproj", "{50AFB1A9-F09D-4786-BB77-93E6828F984C}"
EndProject
Global
	GlobalSection(SolutionConfigurationPlatforms) = preSolution
		Debug|Win32 = Debug|Win32
		Release|Win32 = Release|Win32
	EndGlobalSection
	GlobalSection(ProjectConfigurationPlatforms) = postSolution
		{50AFB1A9-F09D-4786-BB77-93E6828F984C}.Debug|Win32.ActiveCfg = Debug|Win32
		{50AFB1A9-F09D-4786-BB77-93E6828F984C}.Debug|Win32.Build.0 = Debug|Win32
		{50AFB1A9-F09D-4786-BB77-93E6828F984C}.Release|Win32.ActiveCfg = Release|Win32
		{50AFB1A9-F09D-4786-BB77-93E6828F984C}.Release|Win32.Build.0 = Release|Win32
	EndGlobalSection
	GlobalSection(SolutionProperties) = preSolution
		HideSolutionNode = FALSE
	EndGlobalSection
EndGlobal
